{
  "requires": true,
  "lockfileVersion": 1,
  "dependencies": {
    "@miniprogram-component-plus/emoji": {
      "version": "1.0.1",
      "resolved": "https://registry.nlark.com/@miniprogram-component-plus/emoji/download/@miniprogram-component-plus/emoji-1.0.1.tgz",
      "integrity": "sha1-rq+4CrIMNYoa7fTPkHKaj0dhnw0="
    }
  }
}
